// !$*UTF8*$!
{
	archiveVersion = 1;
	classes = {
	};
	objectVersion = 50;
	objects = {

/* Begin PBXBuildFile section */
		01A4EC63627CA896C5D5232F /* libPods-GSStudyPath.a in Frameworks */ = {isa = PBXBuildFile; fileRef = A9C537F39EA29690E137ED8E /* libPods-GSStudyPath.a */; };
		1934C935213403E40022ADB5 /* GSIntroductionView.m in Sources */ = {isa = PBXBuildFile; fileRef = 1934C934213403E40022ADB5 /* GSIntroductionView.m */; };
		1934C93821353BEF0022ADB5 /* GSMTAddressMainVC.m in Sources */ = {isa = PBXBuildFile; fileRef = 1934C93721353BEF0022ADB5 /* GSMTAddressMainVC.m */; };
		1934C93B21353C1D0022ADB5 /* citydata.plist in Resources */ = {isa = PBXBuildFile; fileRef = 1934C93921353C1D0022ADB5 /* citydata.plist */; };
		1934C93C21353C1D0022ADB5 /* city.plist in Resources */ = {isa = PBXBuildFile; fileRef = 1934C93A21353C1D0022ADB5 /* city.plist */; };
		1934C93F21353C3E0022ADB5 /* GSMTAddressModal.m in Sources */ = {isa = PBXBuildFile; fileRef = 1934C93E21353C3E0022ADB5 /* GSMTAddressModal.m */; };
		1934C942213540C70022ADB5 /* GSSegmentedControl.m in Sources */ = {isa = PBXBuildFile; fileRef = 1934C941213540C70022ADB5 /* GSSegmentedControl.m */; };
		1934C9452135416E0022ADB5 /* UIColor+Utils.m in Sources */ = {isa = PBXBuildFile; fileRef = 1934C9442135416E0022ADB5 /* UIColor+Utils.m */; };
		1934C95121354DE40022ADB5 /* GSTableViewListVC.m in Sources */ = {isa = PBXBuildFile; fileRef = 1934C95021354DE40022ADB5 /* GSTableViewListVC.m */; };
		1934C96021354EA30022ADB5 /* GSCustomLayoutVC.m in Sources */ = {isa = PBXBuildFile; fileRef = 1934C95421354EA30022ADB5 /* GSCustomLayoutVC.m */; };
		1934C96121354EA30022ADB5 /* GSDateVC.m in Sources */ = {isa = PBXBuildFile; fileRef = 1934C95621354EA30022ADB5 /* GSDateVC.m */; };
		1934C96221354EA30022ADB5 /* GSInfiniteVC.m in Sources */ = {isa = PBXBuildFile; fileRef = 1934C95921354EA30022ADB5 /* GSInfiniteVC.m */; };
		1934C96321354EA30022ADB5 /* GSInfiniteView.m in Sources */ = {isa = PBXBuildFile; fileRef = 1934C95C21354EA30022ADB5 /* GSInfiniteView.m */; };
		1934C96421354EA30022ADB5 /* GSWaterFlowVC.m in Sources */ = {isa = PBXBuildFile; fileRef = 1934C95E21354EA30022ADB5 /* GSWaterFlowVC.m */; };
		1934C96821354F400022ADB5 /* GSCarsListVC.m in Sources */ = {isa = PBXBuildFile; fileRef = 1934C96721354F400022ADB5 /* GSCarsListVC.m */; };
		1934C96A21354F680022ADB5 /* cars_total.plist in Resources */ = {isa = PBXBuildFile; fileRef = 1934C96921354F680022ADB5 /* cars_total.plist */; };
		1934C96D21354FAA0022ADB5 /* GSCarsGroup.m in Sources */ = {isa = PBXBuildFile; fileRef = 1934C96C21354FAA0022ADB5 /* GSCarsGroup.m */; };
		1934C97021354FC80022ADB5 /* GSCarModal.m in Sources */ = {isa = PBXBuildFile; fileRef = 1934C96F21354FC80022ADB5 /* GSCarModal.m */; };
		1934C9C5213674FB0022ADB5 /* GSAddressFirstHeaderView.m in Sources */ = {isa = PBXBuildFile; fileRef = 1934C9C4213674FB0022ADB5 /* GSAddressFirstHeaderView.m */; };
		1934C9C82136757A0022ADB5 /* GSSelectButton.m in Sources */ = {isa = PBXBuildFile; fileRef = 1934C9C72136757A0022ADB5 /* GSSelectButton.m */; };
		1934C9CB213677120022ADB5 /* GSAddressOtherHeaderView.m in Sources */ = {isa = PBXBuildFile; fileRef = 1934C9CA213677120022ADB5 /* GSAddressOtherHeaderView.m */; };
		1934C9CE21367C280022ADB5 /* GSAddressSectionCell.m in Sources */ = {isa = PBXBuildFile; fileRef = 1934C9CD21367C280022ADB5 /* GSAddressSectionCell.m */; };
		1934C9D32136CA5D0022ADB5 /* GSAddressTableView.m in Sources */ = {isa = PBXBuildFile; fileRef = 1934C9D22136CA5C0022ADB5 /* GSAddressTableView.m */; };
		1949152F215B613D001B731A /* GSAlipayHomeVC2.m in Sources */ = {isa = PBXBuildFile; fileRef = 1949152E215B613D001B731A /* GSAlipayHomeVC2.m */; };
		195925CD2147AFAC00017EDB /* GSCustomNavBar.m in Sources */ = {isa = PBXBuildFile; fileRef = 195925CC2147AFAC00017EDB /* GSCustomNavBar.m */; };
		195925D02147B11700017EDB /* GSExtensibleTableHeader.m in Sources */ = {isa = PBXBuildFile; fileRef = 195925CF2147B11700017EDB /* GSExtensibleTableHeader.m */; };
		19970A8F2137A53000697EB1 /* ZPSegmentView.m in Sources */ = {isa = PBXBuildFile; fileRef = 19970A852137A52F00697EB1 /* ZPSegmentView.m */; };
		19970A902137A53000697EB1 /* ZPSegmentBarStyle.m in Sources */ = {isa = PBXBuildFile; fileRef = 19970A862137A52F00697EB1 /* ZPSegmentBarStyle.m */; };
		19970A912137A53000697EB1 /* UIView+ZPSegmentBar.m in Sources */ = {isa = PBXBuildFile; fileRef = 19970A882137A52F00697EB1 /* UIView+ZPSegmentBar.m */; };
		19970A922137A53000697EB1 /* ZPSegmentBarContent.m in Sources */ = {isa = PBXBuildFile; fileRef = 19970A8A2137A52F00697EB1 /* ZPSegmentBarContent.m */; };
		19970A932137A53000697EB1 /* ZPSegmentBarTitle.m in Sources */ = {isa = PBXBuildFile; fileRef = 19970A8E2137A53000697EB1 /* ZPSegmentBarTitle.m */; };
		19970A962137A55F00697EB1 /* GSSegmentBarVC.m in Sources */ = {isa = PBXBuildFile; fileRef = 19970A952137A55F00697EB1 /* GSSegmentBarVC.m */; };
		19970A9A2137C12C00697EB1 /* GSQQFriendsListVC.m in Sources */ = {isa = PBXBuildFile; fileRef = 19970A992137C12C00697EB1 /* GSQQFriendsListVC.m */; };
		19970A9C2137C14200697EB1 /* friends.plist in Resources */ = {isa = PBXBuildFile; fileRef = 19970A9B2137C14200697EB1 /* friends.plist */; };
		19970AA22137C20200697EB1 /* GSQQFriendModal.m in Sources */ = {isa = PBXBuildFile; fileRef = 19970AA12137C20200697EB1 /* GSQQFriendModal.m */; };
		19970AA52137C21100697EB1 /* GSQQFriendsGroup.m in Sources */ = {isa = PBXBuildFile; fileRef = 19970AA42137C21100697EB1 /* GSQQFriendsGroup.m */; };
		19970AA82137D46E00697EB1 /* GSQQHeaderView.m in Sources */ = {isa = PBXBuildFile; fileRef = 19970AA72137D46E00697EB1 /* GSQQHeaderView.m */; };
		19C08DA621301B9200BAAF2E /* GSBaseTableViewController.m in Sources */ = {isa = PBXBuildFile; fileRef = 19C08DA521301B9200BAAF2E /* GSBaseTableViewController.m */; };
		19C08DA921301F6000BAAF2E /* GSSearchListVC.m in Sources */ = {isa = PBXBuildFile; fileRef = 19C08DA821301F6000BAAF2E /* GSSearchListVC.m */; };
		19C08DAC21302DEC00BAAF2E /* JDHomeVC.m in Sources */ = {isa = PBXBuildFile; fileRef = 19C08DAB21302DEC00BAAF2E /* JDHomeVC.m */; };
		19C08DAF2130304500BAAF2E /* GSJDNavigationView.m in Sources */ = {isa = PBXBuildFile; fileRef = 19C08DAE2130304500BAAF2E /* GSJDNavigationView.m */; };
		19C08DB22130FD4B00BAAF2E /* GSJDButton.m in Sources */ = {isa = PBXBuildFile; fileRef = 19C08DB12130FD4B00BAAF2E /* GSJDButton.m */; };
		19C08DB52131079800BAAF2E /* GSJDSearchVC.m in Sources */ = {isa = PBXBuildFile; fileRef = 19C08DB42131079800BAAF2E /* GSJDSearchVC.m */; };
		19C08DB82131089D00BAAF2E /* GSJDSearchMainVC.m in Sources */ = {isa = PBXBuildFile; fileRef = 19C08DB72131089C00BAAF2E /* GSJDSearchMainVC.m */; };
		19C08DBB21310A6300BAAF2E /* GSJDSearchBar.m in Sources */ = {isa = PBXBuildFile; fileRef = 19C08DBA21310A6300BAAF2E /* GSJDSearchBar.m */; };
		19C08DBE21313C5D00BAAF2E /* GSJDSearchHistory.m in Sources */ = {isa = PBXBuildFile; fileRef = 19C08DBD21313C5D00BAAF2E /* GSJDSearchHistory.m */; };
		19C08DC12131508400BAAF2E /* GSNavigationController.m in Sources */ = {isa = PBXBuildFile; fileRef = 19C08DC02131508400BAAF2E /* GSNavigationController.m */; };
		19C08DC42131509800BAAF2E /* GSTabBarController.m in Sources */ = {isa = PBXBuildFile; fileRef = 19C08DC32131509800BAAF2E /* GSTabBarController.m */; };
		19C08DC82131514200BAAF2E /* GSHomeVC.m in Sources */ = {isa = PBXBuildFile; fileRef = 19C08DC72131514200BAAF2E /* GSHomeVC.m */; };
		19D479B6212D6D7000944007 /* AppDelegate.m in Sources */ = {isa = PBXBuildFile; fileRef = 19D479B5212D6D7000944007 /* AppDelegate.m */; };
		19D479BC212D6D7000944007 /* Main.storyboard in Resources */ = {isa = PBXBuildFile; fileRef = 19D479BA212D6D7000944007 /* Main.storyboard */; };
		19D479BE212D6D7100944007 /* Assets.xcassets in Resources */ = {isa = PBXBuildFile; fileRef = 19D479BD212D6D7100944007 /* Assets.xcassets */; };
		19D479C1212D6D7100944007 /* LaunchScreen.storyboard in Resources */ = {isa = PBXBuildFile; fileRef = 19D479BF212D6D7100944007 /* LaunchScreen.storyboard */; };
		19D479C4212D6D7100944007 /* main.m in Sources */ = {isa = PBXBuildFile; fileRef = 19D479C3212D6D7100944007 /* main.m */; };
		19D479CD212D6E1100944007 /* country.txt in Resources */ = {isa = PBXBuildFile; fileRef = 19D479CC212D6E1100944007 /* country.txt */; };
		19D479D7212D7FE100944007 /* GSCountryModal.m in Sources */ = {isa = PBXBuildFile; fileRef = 19D479D6212D7FE100944007 /* GSCountryModal.m */; };
		19D479E3212E5D6400944007 /* GSNormalSearchVC.m in Sources */ = {isa = PBXBuildFile; fileRef = 19D479DF212E5D6400944007 /* GSNormalSearchVC.m */; };
		19D479E4212E5D6400944007 /* GSSearchResultVC.m in Sources */ = {isa = PBXBuildFile; fileRef = 19D479E0212E5D6400944007 /* GSSearchResultVC.m */; };
		19D47A13212E938100944007 /* GSLineLayout.m in Sources */ = {isa = PBXBuildFile; fileRef = 19D479EA212E938000944007 /* GSLineLayout.m */; };
		19D47A14212E938100944007 /* GSStackLayout.m in Sources */ = {isa = PBXBuildFile; fileRef = 19D479EB212E938000944007 /* GSStackLayout.m */; };
		19D47A15212E938100944007 /* GSCircleLayout.m in Sources */ = {isa = PBXBuildFile; fileRef = 19D479EC212E938000944007 /* GSCircleLayout.m */; };
		19D47A16212E938100944007 /* GSWaterFlowLayout.m in Sources */ = {isa = PBXBuildFile; fileRef = 19D479ED212E938000944007 /* GSWaterFlowLayout.m */; };
		19D47A19212E938100944007 /* GSCollectionListVC.m in Sources */ = {isa = PBXBuildFile; fileRef = 19D479F8212E938000944007 /* GSCollectionListVC.m */; };
		19D47A1C212E938100944007 /* GSDate.m in Sources */ = {isa = PBXBuildFile; fileRef = 19D47A00212E938000944007 /* GSDate.m */; };
		19D47A1E212E938100944007 /* GSShop.m in Sources */ = {isa = PBXBuildFile; fileRef = 19D47A03212E938000944007 /* GSShop.m */; };
		19D47A1F212E938100944007 /* GSShopCell.xib in Resources */ = {isa = PBXBuildFile; fileRef = 19D47A06212E938000944007 /* GSShopCell.xib */; };
		19D47A20212E938100944007 /* GSImageCell.m in Sources */ = {isa = PBXBuildFile; fileRef = 19D47A07212E938000944007 /* GSImageCell.m */; };
		19D47A21212E938100944007 /* GSDateHeaderView.m in Sources */ = {isa = PBXBuildFile; fileRef = 19D47A08212E938000944007 /* GSDateHeaderView.m */; };
		19D47A22212E938100944007 /* GSDateHeaderView.xib in Resources */ = {isa = PBXBuildFile; fileRef = 19D47A09212E938000944007 /* GSDateHeaderView.xib */; };
		19D47A24212E938100944007 /* GSShopCell.m in Sources */ = {isa = PBXBuildFile; fileRef = 19D47A0B212E938000944007 /* GSShopCell.m */; };
		19D47A25212E938100944007 /* GSDateCell.m in Sources */ = {isa = PBXBuildFile; fileRef = 19D47A0E212E938000944007 /* GSDateCell.m */; };
		19D47A26212E938100944007 /* GSDateCell.xib in Resources */ = {isa = PBXBuildFile; fileRef = 19D47A10212E938000944007 /* GSDateCell.xib */; };
		19D47A27212E938100944007 /* GSImageCell.xib in Resources */ = {isa = PBXBuildFile; fileRef = 19D47A12212E938000944007 /* GSImageCell.xib */; };
		19D47A2C212E96A600944007 /* UIView+Size.m in Sources */ = {isa = PBXBuildFile; fileRef = 19D47A2B212E96A600944007 /* UIView+Size.m */; };
		19D47A30212E9A2900944007 /* 1.plist in Resources */ = {isa = PBXBuildFile; fileRef = 19D47A2F212E9A2900944007 /* 1.plist */; };
		19D47A37212EA1B800944007 /* GSProxy.m in Sources */ = {isa = PBXBuildFile; fileRef = 19D47A36212EA1B800944007 /* GSProxy.m */; };
		19EE47C721536D6600E215D1 /* GSScrollViewListVC.m in Sources */ = {isa = PBXBuildFile; fileRef = 19EE47C621536D6600E215D1 /* GSScrollViewListVC.m */; };
		19EE47D22153A5E800E215D1 /* GSAlipayHomeTableView.m in Sources */ = {isa = PBXBuildFile; fileRef = 19EE47CF2153A5E800E215D1 /* GSAlipayHomeTableView.m */; };
		19EE47D32153A5E800E215D1 /* GSAlipayHomeCell.m in Sources */ = {isa = PBXBuildFile; fileRef = 19EE47D02153A5E800E215D1 /* GSAlipayHomeCell.m */; };
		19EE47D42153A5E800E215D1 /* GSAlipayToolView.m in Sources */ = {isa = PBXBuildFile; fileRef = 19EE47D12153A5E800E215D1 /* GSAlipayToolView.m */; };
		19EE47D92153A60F00E215D1 /* GSAlipayHomeVC.m in Sources */ = {isa = PBXBuildFile; fileRef = 19EE47D72153A60F00E215D1 /* GSAlipayHomeVC.m */; };
/* End PBXBuildFile section */

/* Begin PBXFileReference section */
		1934C933213403E40022ADB5 /* GSIntroductionView.h */ = {isa = PBXFileReference; lastKnownFileType = sourcecode.c.h; path = GSIntroductionView.h; sourceTree = "<group>"; };
		1934C934213403E40022ADB5 /* GSIntroductionView.m */ = {isa = PBXFileReference; lastKnownFileType = sourcecode.c.objc; path = GSIntroductionView.m; sourceTree = "<group>"; };
		1934C93621353BEF0022ADB5 /* GSMTAddressMainVC.h */ = {isa = PBXFileReference; lastKnownFileType = sourcecode.c.h; path = GSMTAddressMainVC.h; sourceTree = "<group>"; };
		1934C93721353BEF0022ADB5 /* GSMTAddressMainVC.m */ = {isa = PBXFileReference; lastKnownFileType = sourcecode.c.objc; path = GSMTAddressMainVC.m; sourceTree = "<group>"; };
		1934C93921353C1D0022ADB5 /* citydata.plist */ = {isa = PBXFileReference; fileEncoding = 4; lastKnownFileType = text.plist.xml; path = citydata.plist; sourceTree = "<group>"; };
		1934C93A21353C1D0022ADB5 /* city.plist */ = {isa = PBXFileReference; fileEncoding = 4; lastKnownFileType = text.plist.xml; path = city.plist; sourceTree = "<group>"; };
		1934C93D21353C3E0022ADB5 /* GSMTAddressModal.h */ = {isa = PBXFileReference; lastKnownFileType = sourcecode.c.h; path = GSMTAddressModal.h; sourceTree = "<group>"; };
		1934C93E21353C3E0022ADB5 /* GSMTAddressModal.m */ = {isa = PBXFileReference; lastKnownFileType = sourcecode.c.objc; path = GSMTAddressModal.m; sourceTree = "<group>"; };
		1934C940213540C70022ADB5 /* GSSegmentedControl.h */ = {isa = PBXFileReference; lastKnownFileType = sourcecode.c.h; path = GSSegmentedControl.h; sourceTree = "<group>"; };
		1934C941213540C70022ADB5 /* GSSegmentedControl.m */ = {isa = PBXFileReference; lastKnownFileType = sourcecode.c.objc; path = GSSegmentedControl.m; sourceTree = "<group>"; };
		1934C9432135416E0022ADB5 /* UIColor+Utils.h */ = {isa = PBXFileReference; lastKnownFileType = sourcecode.c.h; path = "UIColor+Utils.h"; sourceTree = "<group>"; };
		1934C9442135416E0022ADB5 /* UIColor+Utils.m */ = {isa = PBXFileReference; lastKnownFileType = sourcecode.c.objc; path = "UIColor+Utils.m"; sourceTree = "<group>"; };
		1934C949213543350022ADB5 /* GSAddressTableView.h */ = {isa = PBXFileReference; lastKnownFileType = sourcecode.c.h; path = GSAddressTableView.h; sourceTree = "<group>"; };
		1934C94F21354DE40022ADB5 /* GSTableViewListVC.h */ = {isa = PBXFileReference; lastKnownFileType = sourcecode.c.h; path = GSTableViewListVC.h; sourceTree = "<group>"; };
		1934C95021354DE40022ADB5 /* GSTableViewListVC.m */ = {isa = PBXFileReference; lastKnownFileType = sourcecode.c.objc; path = GSTableViewListVC.m; sourceTree = "<group>"; };
		1934C95321354EA30022ADB5 /* GSCustomLayoutVC.h */ = {isa = PBXFileReference; fileEncoding = 4; lastKnownFileType = sourcecode.c.h; path = GSCustomLayoutVC.h; sourceTree = "<group>"; };
		1934C95421354EA30022ADB5 /* GSCustomLayoutVC.m */ = {isa = PBXFileReference; fileEncoding = 4; lastKnownFileType = sourcecode.c.objc; path = GSCustomLayoutVC.m; sourceTree = "<group>"; };
		1934C95621354EA30022ADB5 /* GSDateVC.m */ = {isa = PBXFileReference; fileEncoding = 4; lastKnownFileType = sourcecode.c.objc; path = GSDateVC.m; sourceTree = "<group>"; };
		1934C95721354EA30022ADB5 /* GSDateVC.h */ = {isa = PBXFileReference; fileEncoding = 4; lastKnownFileType = sourcecode.c.h; path = GSDateVC.h; sourceTree = "<group>"; };
		1934C95921354EA30022ADB5 /* GSInfiniteVC.m */ = {isa = PBXFileReference; fileEncoding = 4; lastKnownFileType = sourcecode.c.objc; path = GSInfiniteVC.m; sourceTree = "<group>"; };
		1934C95A21354EA30022ADB5 /* GSInfiniteView.h */ = {isa = PBXFileReference; fileEncoding = 4; lastKnownFileType = sourcecode.c.h; path = GSInfiniteView.h; sourceTree = "<group>"; };
		1934C95B21354EA30022ADB5 /* GSInfiniteVC.h */ = {isa = PBXFileReference; fileEncoding = 4; lastKnownFileType = sourcecode.c.h; path = GSInfiniteVC.h; sourceTree = "<group>"; };
		1934C95C21354EA30022ADB5 /* GSInfiniteView.m */ = {isa = PBXFileReference; fileEncoding = 4; lastKnownFileType = sourcecode.c.objc; path = GSInfiniteView.m; sourceTree = "<group>"; };
		1934C95E21354EA30022ADB5 /* GSWaterFlowVC.m */ = {isa = PBXFileReference; fileEncoding = 4; lastKnownFileType = sourcecode.c.objc; path = GSWaterFlowVC.m; sourceTree = "<group>"; };
		1934C95F21354EA30022ADB5 /* GSWaterFlowVC.h */ = {isa = PBXFileReference; fileEncoding = 4; lastKnownFileType = sourcecode.c.h; path = GSWaterFlowVC.h; sourceTree = "<group>"; };
		1934C96621354F400022ADB5 /* GSCarsListVC.h */ = {isa = PBXFileReference; lastKnownFileType = sourcecode.c.h; path = GSCarsListVC.h; sourceTree = "<group>"; };
		1934C96721354F400022ADB5 /* GSCarsListVC.m */ = {isa = PBXFileReference; lastKnownFileType = sourcecode.c.objc; path = GSCarsListVC.m; sourceTree = "<group>"; };
		1934C96921354F680022ADB5 /* cars_total.plist */ = {isa = PBXFileReference; fileEncoding = 4; lastKnownFileType = text.plist.xml; path = cars_total.plist; sourceTree = "<group>"; };
		1934C96B21354FAA0022ADB5 /* GSCarsGroup.h */ = {isa = PBXFileReference; lastKnownFileType = sourcecode.c.h; path = GSCarsGroup.h; sourceTree = "<group>"; };
		1934C96C21354FAA0022ADB5 /* GSCarsGroup.m */ = {isa = PBXFileReference; lastKnownFileType = sourcecode.c.objc; path = GSCarsGroup.m; sourceTree = "<group>"; };
		1934C96E21354FC80022ADB5 /* GSCarModal.h */ = {isa = PBXFileReference; lastKnownFileType = sourcecode.c.h; path = GSCarModal.h; sourceTree = "<group>"; };
		1934C96F21354FC80022ADB5 /* GSCarModal.m */ = {isa = PBXFileReference; lastKnownFileType = sourcecode.c.objc; path = GSCarModal.m; sourceTree = "<group>"; };
		1934C9C3213674FB0022ADB5 /* GSAddressFirstHeaderView.h */ = {isa = PBXFileReference; lastKnownFileType = sourcecode.c.h; path = GSAddressFirstHeaderView.h; sourceTree = "<group>"; };
		1934C9C4213674FB0022ADB5 /* GSAddressFirstHeaderView.m */ = {isa = PBXFileReference; lastKnownFileType = sourcecode.c.objc; path = GSAddressFirstHeaderView.m; sourceTree = "<group>"; };
		1934C9C62136757A0022ADB5 /* GSSelectButton.h */ = {isa = PBXFileReference; lastKnownFileType = sourcecode.c.h; path = GSSelectButton.h; sourceTree = "<group>"; };
		1934C9C72136757A0022ADB5 /* GSSelectButton.m */ = {isa = PBXFileReference; lastKnownFileType = sourcecode.c.objc; path = GSSelectButton.m; sourceTree = "<group>"; };
		1934C9C9213677120022ADB5 /* GSAddressOtherHeaderView.h */ = {isa = PBXFileReference; lastKnownFileType = sourcecode.c.h; path = GSAddressOtherHeaderView.h; sourceTree = "<group>"; };
		1934C9CA213677120022ADB5 /* GSAddressOtherHeaderView.m */ = {isa = PBXFileReference; lastKnownFileType = sourcecode.c.objc; path = GSAddressOtherHeaderView.m; sourceTree = "<group>"; };
		1934C9CC21367C280022ADB5 /* GSAddressSectionCell.h */ = {isa = PBXFileReference; lastKnownFileType = sourcecode.c.h; path = GSAddressSectionCell.h; sourceTree = "<group>"; };
		1934C9CD21367C280022ADB5 /* GSAddressSectionCell.m */ = {isa = PBXFileReference; lastKnownFileType = sourcecode.c.objc; path = GSAddressSectionCell.m; sourceTree = "<group>"; };
		1934C9D22136CA5C0022ADB5 /* GSAddressTableView.m */ = {isa = PBXFileReference; fileEncoding = 4; lastKnownFileType = sourcecode.c.objc; path = GSAddressTableView.m; sourceTree = "<group>"; };
		1949152D215B613D001B731A /* GSAlipayHomeVC2.h */ = {isa = PBXFileReference; lastKnownFileType = sourcecode.c.h; path = GSAlipayHomeVC2.h; sourceTree = "<group>"; };
		1949152E215B613D001B731A /* GSAlipayHomeVC2.m */ = {isa = PBXFileReference; lastKnownFileType = sourcecode.c.objc; path = GSAlipayHomeVC2.m; sourceTree = "<group>"; };
		195925CB2147AFAC00017EDB /* GSCustomNavBar.h */ = {isa = PBXFileReference; lastKnownFileType = sourcecode.c.h; path = GSCustomNavBar.h; sourceTree = "<group>"; };
		195925CC2147AFAC00017EDB /* GSCustomNavBar.m */ = {isa = PBXFileReference; lastKnownFileType = sourcecode.c.objc; path = GSCustomNavBar.m; sourceTree = "<group>"; };
		195925CE2147B11700017EDB /* GSExtensibleTableHeader.h */ = {isa = PBXFileReference; lastKnownFileType = sourcecode.c.h; path = GSExtensibleTableHeader.h; sourceTree = "<group>"; };
		195925CF2147B11700017EDB /* GSExtensibleTableHeader.m */ = {isa = PBXFileReference; lastKnownFileType = sourcecode.c.objc; path = GSExtensibleTableHeader.m; sourceTree = "<group>"; };
		19970A852137A52F00697EB1 /* ZPSegmentView.m */ = {isa = PBXFileReference; fileEncoding = 4; lastKnownFileType = sourcecode.c.objc; path = ZPSegmentView.m; sourceTree = "<group>"; };
		19970A862137A52F00697EB1 /* ZPSegmentBarStyle.m */ = {isa = PBXFileReference; fileEncoding = 4; lastKnownFileType = sourcecode.c.objc; path = ZPSegmentBarStyle.m; sourceTree = "<group>"; };
		19970A872137A52F00697EB1 /* ZPSegmentBarStyle.h */ = {isa = PBXFileReference; fileEncoding = 4; lastKnownFileType = sourcecode.c.h; path = ZPSegmentBarStyle.h; sourceTree = "<group>"; };
		19970A882137A52F00697EB1 /* UIView+ZPSegmentBar.m */ = {isa = PBXFileReference; fileEncoding = 4; lastKnownFileType = sourcecode.c.objc; path = "UIView+ZPSegmentBar.m"; sourceTree = "<group>"; };
		19970A892137A52F00697EB1 /* UIView+ZPSegmentBar.h */ = {isa = PBXFileReference; fileEncoding = 4; lastKnownFileType = sourcecode.c.h; path = "UIView+ZPSegmentBar.h"; sourceTree = "<group>"; };
		19970A8A2137A52F00697EB1 /* ZPSegmentBarContent.m */ = {isa = PBXFileReference; fileEncoding = 4; lastKnownFileType = sourcecode.c.objc; path = ZPSegmentBarContent.m; sourceTree = "<group>"; };
		19970A8B2137A52F00697EB1 /* ZPSegmentBarTitle.h */ = {isa = PBXFileReference; fileEncoding = 4; lastKnownFileType = sourcecode.c.h; path = ZPSegmentBarTitle.h; sourceTree = "<group>"; };
		19970A8C2137A52F00697EB1 /* ZPSegmentBarContent.h */ = {isa = PBXFileReference; fileEncoding = 4; lastKnownFileType = sourcecode.c.h; path = ZPSegmentBarContent.h; sourceTree = "<group>"; };
		19970A8D2137A53000697EB1 /* ZPSegmentView.h */ = {isa = PBXFileReference; fileEncoding = 4; lastKnownFileType = sourcecode.c.h; path = ZPSegmentView.h; sourceTree = "<group>"; };
		19970A8E2137A53000697EB1 /* ZPSegmentBarTitle.m */ = {isa = PBXFileReference; fileEncoding = 4; lastKnownFileType = sourcecode.c.objc; path = ZPSegmentBarTitle.m; sourceTree = "<group>"; };
		19970A942137A55F00697EB1 /* GSSegmentBarVC.h */ = {isa = PBXFileReference; lastKnownFileType = sourcecode.c.h; path = GSSegmentBarVC.h; sourceTree = "<group>"; };
		19970A952137A55F00697EB1 /* GSSegmentBarVC.m */ = {isa = PBXFileReference; lastKnownFileType = sourcecode.c.objc; path = GSSegmentBarVC.m; sourceTree = "<group>"; };
		19970A982137C12C00697EB1 /* GSQQFriendsListVC.h */ = {isa = PBXFileReference; lastKnownFileType = sourcecode.c.h; path = GSQQFriendsListVC.h; sourceTree = "<group>"; };
		19970A992137C12C00697EB1 /* GSQQFriendsListVC.m */ = {isa = PBXFileReference; lastKnownFileType = sourcecode.c.objc; path = GSQQFriendsListVC.m; sourceTree = "<group>"; };
		19970A9B2137C14200697EB1 /* friends.plist */ = {isa = PBXFileReference; fileEncoding = 4; lastKnownFileType = text.plist.xml; path = friends.plist; sourceTree = "<group>"; };
		19970AA02137C20200697EB1 /* GSQQFriendModal.h */ = {isa = PBXFileReference; lastKnownFileType = sourcecode.c.h; path = GSQQFriendModal.h; sourceTree = "<group>"; };
		19970AA12137C20200697EB1 /* GSQQFriendModal.m */ = {isa = PBXFileReference; lastKnownFileType = sourcecode.c.objc; path = GSQQFriendModal.m; sourceTree = "<group>"; };
		19970AA32137C21100697EB1 /* GSQQFriendsGroup.h */ = {isa = PBXFileReference; lastKnownFileType = sourcecode.c.h; path = GSQQFriendsGroup.h; sourceTree = "<group>"; };
		19970AA42137C21100697EB1 /* GSQQFriendsGroup.m */ = {isa = PBXFileReference; lastKnownFileType = sourcecode.c.objc; path = GSQQFriendsGroup.m; sourceTree = "<group>"; };
		19970AA62137D46E00697EB1 /* GSQQHeaderView.h */ = {isa = PBXFileReference; lastKnownFileType = sourcecode.c.h; path = GSQQHeaderView.h; sourceTree = "<group>"; };
		19970AA72137D46E00697EB1 /* GSQQHeaderView.m */ = {isa = PBXFileReference; lastKnownFileType = sourcecode.c.objc; path = GSQQHeaderView.m; sourceTree = "<group>"; };
		19C08DA421301B9200BAAF2E /* GSBaseTableViewController.h */ = {isa = PBXFileReference; lastKnownFileType = sourcecode.c.h; path = GSBaseTableViewController.h; sourceTree = "<group>"; };
		19C08DA521301B9200BAAF2E /* GSBaseTableViewController.m */ = {isa = PBXFileReference; lastKnownFileType = sourcecode.c.objc; path = GSBaseTableViewController.m; sourceTree = "<group>"; };
		19C08DA721301F6000BAAF2E /* GSSearchListVC.h */ = {isa = PBXFileReference; lastKnownFileType = sourcecode.c.h; path = GSSearchListVC.h; sourceTree = "<group>"; };
		19C08DA821301F6000BAAF2E /* GSSearchListVC.m */ = {isa = PBXFileReference; lastKnownFileType = sourcecode.c.objc; path = GSSearchListVC.m; sourceTree = "<group>"; };
		19C08DAA21302DEC00BAAF2E /* JDHomeVC.h */ = {isa = PBXFileReference; lastKnownFileType = sourcecode.c.h; path = JDHomeVC.h; sourceTree = "<group>"; };
		19C08DAB21302DEC00BAAF2E /* JDHomeVC.m */ = {isa = PBXFileReference; lastKnownFileType = sourcecode.c.objc; path = JDHomeVC.m; sourceTree = "<group>"; };
		19C08DAD2130304500BAAF2E /* GSJDNavigationView.h */ = {isa = PBXFileReference; lastKnownFileType = sourcecode.c.h; path = GSJDNavigationView.h; sourceTree = "<group>"; };
		19C08DAE2130304500BAAF2E /* GSJDNavigationView.m */ = {isa = PBXFileReference; lastKnownFileType = sourcecode.c.objc; path = GSJDNavigationView.m; sourceTree = "<group>"; };
		19C08DB02130FD4B00BAAF2E /* GSJDButton.h */ = {isa = PBXFileReference; lastKnownFileType = sourcecode.c.h; path = GSJDButton.h; sourceTree = "<group>"; };
		19C08DB12130FD4B00BAAF2E /* GSJDButton.m */ = {isa = PBXFileReference; lastKnownFileType = sourcecode.c.objc; path = GSJDButton.m; sourceTree = "<group>"; };
		19C08DB32131079800BAAF2E /* GSJDSearchVC.h */ = {isa = PBXFileReference; lastKnownFileType = sourcecode.c.h; path = GSJDSearchVC.h; sourceTree = "<group>"; };
		19C08DB42131079800BAAF2E /* GSJDSearchVC.m */ = {isa = PBXFileReference; lastKnownFileType = sourcecode.c.objc; path = GSJDSearchVC.m; sourceTree = "<group>"; };
		19C08DB62131089C00BAAF2E /* GSJDSearchMainVC.h */ = {isa = PBXFileReference; lastKnownFileType = sourcecode.c.h; path = GSJDSearchMainVC.h; sourceTree = "<group>"; };
		19C08DB72131089C00BAAF2E /* GSJDSearchMainVC.m */ = {isa = PBXFileReference; lastKnownFileType = sourcecode.c.objc; path = GSJDSearchMainVC.m; sourceTree = "<group>"; };
		19C08DB921310A6300BAAF2E /* GSJDSearchBar.h */ = {isa = PBXFileReference; lastKnownFileType = sourcecode.c.h; path = GSJDSearchBar.h; sourceTree = "<group>"; };
		19C08DBA21310A6300BAAF2E /* GSJDSearchBar.m */ = {isa = PBXFileReference; lastKnownFileType = sourcecode.c.objc; path = GSJDSearchBar.m; sourceTree = "<group>"; };
		19C08DBC21313C5D00BAAF2E /* GSJDSearchHistory.h */ = {isa = PBXFileReference; lastKnownFileType = sourcecode.c.h; path = GSJDSearchHistory.h; sourceTree = "<group>"; };
		19C08DBD21313C5D00BAAF2E /* GSJDSearchHistory.m */ = {isa = PBXFileReference; lastKnownFileType = sourcecode.c.objc; path = GSJDSearchHistory.m; sourceTree = "<group>"; };
		19C08DBF2131508400BAAF2E /* GSNavigationController.h */ = {isa = PBXFileReference; lastKnownFileType = sourcecode.c.h; path = GSNavigationController.h; sourceTree = "<group>"; };
		19C08DC02131508400BAAF2E /* GSNavigationController.m */ = {isa = PBXFileReference; lastKnownFileType = sourcecode.c.objc; path = GSNavigationController.m; sourceTree = "<group>"; };
		19C08DC22131509800BAAF2E /* GSTabBarController.h */ = {isa = PBXFileReference; lastKnownFileType = sourcecode.c.h; path = GSTabBarController.h; sourceTree = "<group>"; };
		19C08DC32131509800BAAF2E /* GSTabBarController.m */ = {isa = PBXFileReference; lastKnownFileType = sourcecode.c.objc; path = GSTabBarController.m; sourceTree = "<group>"; };
		19C08DC62131514200BAAF2E /* GSHomeVC.h */ = {isa = PBXFileReference; fileEncoding = 4; lastKnownFileType = sourcecode.c.h; path = GSHomeVC.h; sourceTree = "<group>"; };
		19C08DC72131514200BAAF2E /* GSHomeVC.m */ = {isa = PBXFileReference; fileEncoding = 4; lastKnownFileType = sourcecode.c.objc; path = GSHomeVC.m; sourceTree = "<group>"; };
		19D479B1212D6D7000944007 /* GSStudyPath.app */ = {isa = PBXFileReference; explicitFileType = wrapper.application; includeInIndex = 0; path = GSStudyPath.app; sourceTree = BUILT_PRODUCTS_DIR; };
		19D479B4212D6D7000944007 /* AppDelegate.h */ = {isa = PBXFileReference; lastKnownFileType = sourcecode.c.h; path = AppDelegate.h; sourceTree = "<group>"; };
		19D479B5212D6D7000944007 /* AppDelegate.m */ = {isa = PBXFileReference; lastKnownFileType = sourcecode.c.objc; path = AppDelegate.m; sourceTree = "<group>"; };
		19D479BB212D6D7000944007 /* Base */ = {isa = PBXFileReference; lastKnownFileType = file.storyboard; name = Base; path = Base.lproj/Main.storyboard; sourceTree = "<group>"; };
		19D479BD212D6D7100944007 /* Assets.xcassets */ = {isa = PBXFileReference; lastKnownFileType = folder.assetcatalog; path = Assets.xcassets; sourceTree = "<group>"; };
		19D479C0212D6D7100944007 /* Base */ = {isa = PBXFileReference; lastKnownFileType = file.storyboard; name = Base; path = Base.lproj/LaunchScreen.storyboard; sourceTree = "<group>"; };
		19D479C2212D6D7100944007 /* Info.plist */ = {isa = PBXFileReference; lastKnownFileType = text.plist.xml; path = Info.plist; sourceTree = "<group>"; };
		19D479C3212D6D7100944007 /* main.m */ = {isa = PBXFileReference; lastKnownFileType = sourcecode.c.objc; path = main.m; sourceTree = "<group>"; };
		19D479CC212D6E1100944007 /* country.txt */ = {isa = PBXFileReference; fileEncoding = 4; lastKnownFileType = text; path = country.txt; sourceTree = "<group>"; };
		19D479D5212D7FE100944007 /* GSCountryModal.h */ = {isa = PBXFileReference; fileEncoding = 4; lastKnownFileType = sourcecode.c.h; path = GSCountryModal.h; sourceTree = "<group>"; };
		19D479D6212D7FE100944007 /* GSCountryModal.m */ = {isa = PBXFileReference; fileEncoding = 4; lastKnownFileType = sourcecode.c.objc; path = GSCountryModal.m; sourceTree = "<group>"; };
		19D479DF212E5D6400944007 /* GSNormalSearchVC.m */ = {isa = PBXFileReference; fileEncoding = 4; lastKnownFileType = sourcecode.c.objc; path = GSNormalSearchVC.m; sourceTree = "<group>"; };
		19D479E0212E5D6400944007 /* GSSearchResultVC.m */ = {isa = PBXFileReference; fileEncoding = 4; lastKnownFileType = sourcecode.c.objc; path = GSSearchResultVC.m; sourceTree = "<group>"; };
		19D479E1212E5D6400944007 /* GSSearchResultVC.h */ = {isa = PBXFileReference; fileEncoding = 4; lastKnownFileType = sourcecode.c.h; path = GSSearchResultVC.h; sourceTree = "<group>"; };
		19D479E2212E5D6400944007 /* GSNormalSearchVC.h */ = {isa = PBXFileReference; fileEncoding = 4; lastKnownFileType = sourcecode.c.h; path = GSNormalSearchVC.h; sourceTree = "<group>"; };
		19D479E7212E615F00944007 /* PrefixHeader.pch */ = {isa = PBXFileReference; lastKnownFileType = sourcecode.c.h; path = PrefixHeader.pch; sourceTree = "<group>"; };
		19D479EA212E938000944007 /* GSLineLayout.m */ = {isa = PBXFileReference; fileEncoding = 4; lastKnownFileType = sourcecode.c.objc; path = GSLineLayout.m; sourceTree = "<group>"; };
		19D479EB212E938000944007 /* GSStackLayout.m */ = {isa = PBXFileReference; fileEncoding = 4; lastKnownFileType = sourcecode.c.objc; path = GSStackLayout.m; sourceTree = "<group>"; };
		19D479EC212E938000944007 /* GSCircleLayout.m */ = {isa = PBXFileReference; fileEncoding = 4; lastKnownFileType = sourcecode.c.objc; path = GSCircleLayout.m; sourceTree = "<group>"; };
		19D479ED212E938000944007 /* GSWaterFlowLayout.m */ = {isa = PBXFileReference; fileEncoding = 4; lastKnownFileType = sourcecode.c.objc; path = GSWaterFlowLayout.m; sourceTree = "<group>"; };
		19D479EE212E938000944007 /* GSLineLayout.h */ = {isa = PBXFileReference; fileEncoding = 4; lastKnownFileType = sourcecode.c.h; path = GSLineLayout.h; sourceTree = "<group>"; };
		19D479EF212E938000944007 /* GSCircleLayout.h */ = {isa = PBXFileReference; fileEncoding = 4; lastKnownFileType = sourcecode.c.h; path = GSCircleLayout.h; sourceTree = "<group>"; };
		19D479F0212E938000944007 /* GSStackLayout.h */ = {isa = PBXFileReference; fileEncoding = 4; lastKnownFileType = sourcecode.c.h; path = GSStackLayout.h; sourceTree = "<group>"; };
		19D479F1212E938000944007 /* GSWaterFlowLayout.h */ = {isa = PBXFileReference; fileEncoding = 4; lastKnownFileType = sourcecode.c.h; path = GSWaterFlowLayout.h; sourceTree = "<group>"; };
		19D479F6212E938000944007 /* GSCollectionListVC.h */ = {isa = PBXFileReference; fileEncoding = 4; lastKnownFileType = sourcecode.c.h; path = GSCollectionListVC.h; sourceTree = "<group>"; };
		19D479F8212E938000944007 /* GSCollectionListVC.m */ = {isa = PBXFileReference; fileEncoding = 4; lastKnownFileType = sourcecode.c.objc; path = GSCollectionListVC.m; sourceTree = "<group>"; };
		19D479FF212E938000944007 /* GSShop.h */ = {isa = PBXFileReference; fileEncoding = 4; lastKnownFileType = sourcecode.c.h; path = GSShop.h; sourceTree = "<group>"; };
		19D47A00212E938000944007 /* GSDate.m */ = {isa = PBXFileReference; fileEncoding = 4; lastKnownFileType = sourcecode.c.objc; path = GSDate.m; sourceTree = "<group>"; };
		19D47A02212E938000944007 /* GSDate.h */ = {isa = PBXFileReference; fileEncoding = 4; lastKnownFileType = sourcecode.c.h; path = GSDate.h; sourceTree = "<group>"; };
		19D47A03212E938000944007 /* GSShop.m */ = {isa = PBXFileReference; fileEncoding = 4; lastKnownFileType = sourcecode.c.objc; path = GSShop.m; sourceTree = "<group>"; };
		19D47A05212E938000944007 /* GSDateCell.h */ = {isa = PBXFileReference; fileEncoding = 4; lastKnownFileType = sourcecode.c.h; path = GSDateCell.h; sourceTree = "<group>"; };
		19D47A06212E938000944007 /* GSShopCell.xib */ = {isa = PBXFileReference; fileEncoding = 4; lastKnownFileType = file.xib; path = GSShopCell.xib; sourceTree = "<group>"; };
		19D47A07212E938000944007 /* GSImageCell.m */ = {isa = PBXFileReference; fileEncoding = 4; lastKnownFileType = sourcecode.c.objc; path = GSImageCell.m; sourceTree = "<group>"; };
		19D47A08212E938000944007 /* GSDateHeaderView.m */ = {isa = PBXFileReference; fileEncoding = 4; lastKnownFileType = sourcecode.c.objc; path = GSDateHeaderView.m; sourceTree = "<group>"; };
		19D47A09212E938000944007 /* GSDateHeaderView.xib */ = {isa = PBXFileReference; fileEncoding = 4; lastKnownFileType = file.xib; path = GSDateHeaderView.xib; sourceTree = "<group>"; };
		19D47A0B212E938000944007 /* GSShopCell.m */ = {isa = PBXFileReference; fileEncoding = 4; lastKnownFileType = sourcecode.c.objc; path = GSShopCell.m; sourceTree = "<group>"; };
		19D47A0C212E938000944007 /* GSDateHeaderView.h */ = {isa = PBXFileReference; fileEncoding = 4; lastKnownFileType = sourcecode.c.h; path = GSDateHeaderView.h; sourceTree = "<group>"; };
		19D47A0D212E938000944007 /* GSImageCell.h */ = {isa = PBXFileReference; fileEncoding = 4; lastKnownFileType = sourcecode.c.h; path = GSImageCell.h; sourceTree = "<group>"; };
		19D47A0E212E938000944007 /* GSDateCell.m */ = {isa = PBXFileReference; fileEncoding = 4; lastKnownFileType = sourcecode.c.objc; path = GSDateCell.m; sourceTree = "<group>"; };
		19D47A0F212E938000944007 /* GSShopCell.h */ = {isa = PBXFileReference; fileEncoding = 4; lastKnownFileType = sourcecode.c.h; path = GSShopCell.h; sourceTree = "<group>"; };
		19D47A10212E938000944007 /* GSDateCell.xib */ = {isa = PBXFileReference; fileEncoding = 4; lastKnownFileType = file.xib; path = GSDateCell.xib; sourceTree = "<group>"; };
		19D47A12212E938000944007 /* GSImageCell.xib */ = {isa = PBXFileReference; fileEncoding = 4; lastKnownFileType = file.xib; path = GSImageCell.xib; sourceTree = "<group>"; };
		19D47A2A212E96A600944007 /* UIView+Size.h */ = {isa = PBXFileReference; lastKnownFileType = sourcecode.c.h; path = "UIView+Size.h"; sourceTree = "<group>"; };
		19D47A2B212E96A600944007 /* UIView+Size.m */ = {isa = PBXFileReference; lastKnownFileType = sourcecode.c.objc; path = "UIView+Size.m"; sourceTree = "<group>"; };
		19D47A2F212E9A2900944007 /* 1.plist */ = {isa = PBXFileReference; fileEncoding = 4; lastKnownFileType = text.plist.xml; path = 1.plist; sourceTree = "<group>"; };
		19D47A35212EA1B800944007 /* GSProxy.h */ = {isa = PBXFileReference; fileEncoding = 4; lastKnownFileType = sourcecode.c.h; path = GSProxy.h; sourceTree = "<group>"; };
		19D47A36212EA1B800944007 /* GSProxy.m */ = {isa = PBXFileReference; fileEncoding = 4; lastKnownFileType = sourcecode.c.objc; path = GSProxy.m; sourceTree = "<group>"; };
		19EE47C521536D6600E215D1 /* GSScrollViewListVC.h */ = {isa = PBXFileReference; lastKnownFileType = sourcecode.c.h; path = GSScrollViewListVC.h; sourceTree = "<group>"; };
		19EE47C621536D6600E215D1 /* GSScrollViewListVC.m */ = {isa = PBXFileReference; lastKnownFileType = sourcecode.c.objc; path = GSScrollViewListVC.m; sourceTree = "<group>"; };
		19EE47CC2153A5E800E215D1 /* GSAlipayToolView.h */ = {isa = PBXFileReference; fileEncoding = 4; lastKnownFileType = sourcecode.c.h; path = GSAlipayToolView.h; sourceTree = "<group>"; };
		19EE47CD2153A5E800E215D1 /* GSAlipayHomeCell.h */ = {isa = PBXFileReference; fileEncoding = 4; lastKnownFileType = sourcecode.c.h; path = GSAlipayHomeCell.h; sourceTree = "<group>"; };
		19EE47CE2153A5E800E215D1 /* GSAlipayHomeTableView.h */ = {isa = PBXFileReference; fileEncoding = 4; lastKnownFileType = sourcecode.c.h; path = GSAlipayHomeTableView.h; sourceTree = "<group>"; };
		19EE47CF2153A5E800E215D1 /* GSAlipayHomeTableView.m */ = {isa = PBXFileReference; fileEncoding = 4; lastKnownFileType = sourcecode.c.objc; path = GSAlipayHomeTableView.m; sourceTree = "<group>"; };
		19EE47D02153A5E800E215D1 /* GSAlipayHomeCell.m */ = {isa = PBXFileReference; fileEncoding = 4; lastKnownFileType = sourcecode.c.objc; path = GSAlipayHomeCell.m; sourceTree = "<group>"; };
		19EE47D12153A5E800E215D1 /* GSAlipayToolView.m */ = {isa = PBXFileReference; fileEncoding = 4; lastKnownFileType = sourcecode.c.objc; path = GSAlipayToolView.m; sourceTree = "<group>"; };
		19EE47D62153A60F00E215D1 /* GSAlipayHomeVC.h */ = {isa = PBXFileReference; fileEncoding = 4; lastKnownFileType = sourcecode.c.h; path = GSAlipayHomeVC.h; sourceTree = "<group>"; };
		19EE47D72153A60F00E215D1 /* GSAlipayHomeVC.m */ = {isa = PBXFileReference; fileEncoding = 4; lastKnownFileType = sourcecode.c.objc; path = GSAlipayHomeVC.m; sourceTree = "<group>"; };
		275B070A2CD2FD923A6DF44F /* Pods-GSStudyPath.debug.xcconfig */ = {isa = PBXFileReference; includeInIndex = 1; lastKnownFileType = text.xcconfig; name = "Pods-GSStudyPath.debug.xcconfig"; path = "Pods/Target Support Files/Pods-GSStudyPath/Pods-GSStudyPath.debug.xcconfig"; sourceTree = "<group>"; };
		2CDB8E5CD818334BF5CD6C51 /* Pods-GSStudyPath.release.xcconfig */ = {isa = PBXFileReference; includeInIndex = 1; lastKnownFileType = text.xcconfig; name = "Pods-GSStudyPath.release.xcconfig"; path = "Pods/Target Support Files/Pods-GSStudyPath/Pods-GSStudyPath.release.xcconfig"; sourceTree = "<group>"; };
		A9C537F39EA29690E137ED8E /* libPods-GSStudyPath.a */ = {isa = PBXFileReference; explicitFileType = archive.ar; includeInIndex = 0; path = "libPods-GSStudyPath.a"; sourceTree = BUILT_PRODUCTS_DIR; };
/* End PBXFileReference section */

/* Begin PBXFrameworksBuildPhase section */
		19D479AE212D6D7000944007 /* Frameworks */ = {
			isa = PBXFrameworksBuildPhase;
			buildActionMask = 2147483647;
			files = (
				01A4EC63627CA896C5D5232F /* libPods-GSStudyPath.a in Frameworks */,
			);
			runOnlyForDeploymentPostprocessing = 0;
		};
/* End PBXFrameworksBuildPhase section */

/* Begin PBXGroup section */
		1934C931213401630022ADB5 /* UIScrollView */ = {
			isa = PBXGroup;
			children = (
				19EE47B82153682200E215D1 /* AliPayHome */,
				19970A832137A45F00697EB1 /* SegmentBar */,
				1934C932213403CF0022ADB5 /* 引导页 */,
				19EE47C521536D6600E215D1 /* GSScrollViewListVC.h */,
				19EE47C621536D6600E215D1 /* GSScrollViewListVC.m */,
			);
			path = UIScrollView;
			sourceTree = "<group>";
		};
		1934C932213403CF0022ADB5 /* 引导页 */ = {
			isa = PBXGroup;
			children = (
				1934C933213403E40022ADB5 /* GSIntroductionView.h */,
				1934C934213403E40022ADB5 /* GSIntroductionView.m */,
			);
			path = "引导页";
			sourceTree = "<group>";
		};
		1934C94C21354D7E0022ADB5 /* UITableView */ = {
			isa = PBXGroup;
			children = (
				1934C94E21354D940022ADB5 /* Controller */,
				1934C94D21354D930022ADB5 /* Modal */,
			);
			path = UITableView;
			sourceTree = "<group>";
		};
		1934C94D21354D930022ADB5 /* Modal */ = {
			isa = PBXGroup;
			children = (
				1934C96B21354FAA0022ADB5 /* GSCarsGroup.h */,
				1934C96C21354FAA0022ADB5 /* GSCarsGroup.m */,
				1934C96E21354FC80022ADB5 /* GSCarModal.h */,
				1934C96F21354FC80022ADB5 /* GSCarModal.m */,
				19970AA02137C20200697EB1 /* GSQQFriendModal.h */,
				19970AA12137C20200697EB1 /* GSQQFriendModal.m */,
				19970AA32137C21100697EB1 /* GSQQFriendsGroup.h */,
				19970AA42137C21100697EB1 /* GSQQFriendsGroup.m */,
			);
			path = Modal;
			sourceTree = "<group>";
		};
		1934C94E21354D940022ADB5 /* Controller */ = {
			isa = PBXGroup;
			children = (
				195925CA2147AD7500017EDB /* 可拉伸头部控件 */,
				19970A972137C10D00697EB1 /* QQ好友列表 */,
				1934C96521354F1B0022ADB5 /* 汽车列表-索引 */,
				1934C94F21354DE40022ADB5 /* GSTableViewListVC.h */,
				1934C95021354DE40022ADB5 /* GSTableViewListVC.m */,
			);
			path = Controller;
			sourceTree = "<group>";
		};
		1934C95221354EA30022ADB5 /* 自定义布局 */ = {
			isa = PBXGroup;
			children = (
				1934C95321354EA30022ADB5 /* GSCustomLayoutVC.h */,
				1934C95421354EA30022ADB5 /* GSCustomLayoutVC.m */,
			);
			path = "自定义布局";
			sourceTree = "<group>";
		};
		1934C95521354EA30022ADB5 /* 日历 */ = {
			isa = PBXGroup;
			children = (
				1934C95721354EA30022ADB5 /* GSDateVC.h */,
				1934C95621354EA30022ADB5 /* GSDateVC.m */,
			);
			path = "日历";
			sourceTree = "<group>";
		};
		1934C95821354EA30022ADB5 /* 无限轮播 */ = {
			isa = PBXGroup;
			children = (
				1934C95A21354EA30022ADB5 /* GSInfiniteView.h */,
				1934C95C21354EA30022ADB5 /* GSInfiniteView.m */,
				1934C95B21354EA30022ADB5 /* GSInfiniteVC.h */,
				1934C95921354EA30022ADB5 /* GSInfiniteVC.m */,
			);
			path = "无限轮播";
			sourceTree = "<group>";
		};
		1934C95D21354EA30022ADB5 /* 流水布局 */ = {
			isa = PBXGroup;
			children = (
				1934C95E21354EA30022ADB5 /* GSWaterFlowVC.m */,
				1934C95F21354EA30022ADB5 /* GSWaterFlowVC.h */,
			);
			path = "流水布局";
			sourceTree = "<group>";
		};
		1934C96521354F1B0022ADB5 /* 汽车列表-索引 */ = {
			isa = PBXGroup;
			children = (
				1934C96621354F400022ADB5 /* GSCarsListVC.h */,
				1934C96721354F400022ADB5 /* GSCarsListVC.m */,
			);
			path = "汽车列表-索引";
			sourceTree = "<group>";
		};
		195925CA2147AD7500017EDB /* 可拉伸头部控件 */ = {
			isa = PBXGroup;
			children = (
				195925CB2147AFAC00017EDB /* GSCustomNavBar.h */,
				195925CC2147AFAC00017EDB /* GSCustomNavBar.m */,
				195925CE2147B11700017EDB /* GSExtensibleTableHeader.h */,
				195925CF2147B11700017EDB /* GSExtensibleTableHeader.m */,
			);
			path = "可拉伸头部控件";
			sourceTree = "<group>";
		};
		19970A832137A45F00697EB1 /* SegmentBar */ = {
			isa = PBXGroup;
			children = (
				19970A842137A50D00697EB1 /* Classes */,
				19970A942137A55F00697EB1 /* GSSegmentBarVC.h */,
				19970A952137A55F00697EB1 /* GSSegmentBarVC.m */,
			);
			path = SegmentBar;
			sourceTree = "<group>";
		};
		19970A842137A50D00697EB1 /* Classes */ = {
			isa = PBXGroup;
			children = (
				19970A892137A52F00697EB1 /* UIView+ZPSegmentBar.h */,
				19970A882137A52F00697EB1 /* UIView+ZPSegmentBar.m */,
				19970A8C2137A52F00697EB1 /* ZPSegmentBarContent.h */,
				19970A8A2137A52F00697EB1 /* ZPSegmentBarContent.m */,
				19970A872137A52F00697EB1 /* ZPSegmentBarStyle.h */,
				19970A862137A52F00697EB1 /* ZPSegmentBarStyle.m */,
				19970A8B2137A52F00697EB1 /* ZPSegmentBarTitle.h */,
				19970A8E2137A53000697EB1 /* ZPSegmentBarTitle.m */,
				19970A8D2137A53000697EB1 /* ZPSegmentView.h */,
				19970A852137A52F00697EB1 /* ZPSegmentView.m */,
			);
			path = Classes;
			sourceTree = "<group>";
		};
		19970A972137C10D00697EB1 /* QQ好友列表 */ = {
			isa = PBXGroup;
			children = (
				19970A982137C12C00697EB1 /* GSQQFriendsListVC.h */,
				19970A992137C12C00697EB1 /* GSQQFriendsListVC.m */,
				19970AA62137D46E00697EB1 /* GSQQHeaderView.h */,
				19970AA72137D46E00697EB1 /* GSQQHeaderView.m */,
			);
			path = "QQ好友列表";
			sourceTree = "<group>";
		};
		19C08DA321301B6E00BAAF2E /* Controller */ = {
			isa = PBXGroup;
			children = (
				19C08DA421301B9200BAAF2E /* GSBaseTableViewController.h */,
				19C08DA521301B9200BAAF2E /* GSBaseTableViewController.m */,
				19C08DBF2131508400BAAF2E /* GSNavigationController.h */,
				19C08DC02131508400BAAF2E /* GSNavigationController.m */,
				19C08DC22131509800BAAF2E /* GSTabBarController.h */,
				19C08DC32131509800BAAF2E /* GSTabBarController.m */,
			);
			path = Controller;
			sourceTree = "<group>";
		};
		19C08DC52131514200BAAF2E /* Main */ = {
			isa = PBXGroup;
			children = (
				19C08DC62131514200BAAF2E /* GSHomeVC.h */,
				19C08DC72131514200BAAF2E /* GSHomeVC.m */,
			);
			path = Main;
			sourceTree = "<group>";
		};
		19D479A8212D6D7000944007 = {
			isa = PBXGroup;
			children = (
				19D479B3212D6D7000944007 /* GSStudyPath */,
				19D479B2212D6D7000944007 /* Products */,
				54381615838135A311533EA7 /* Pods */,
				F16831D9AF023B1901C1E86F /* Frameworks */,
			);
			sourceTree = "<group>";
		};
		19D479B2212D6D7000944007 /* Products */ = {
			isa = PBXGroup;
			children = (
				19D479B1212D6D7000944007 /* GSStudyPath.app */,
			);
			name = Products;
			sourceTree = "<group>";
		};
		19D479B3212D6D7000944007 /* GSStudyPath */ = {
			isa = PBXGroup;
			children = (
				19D47A28212E969400944007 /* Tools */,
				19C08DC52131514200BAAF2E /* Main */,
				1934C931213401630022ADB5 /* UIScrollView */,
				1934C94C21354D7E0022ADB5 /* UITableView */,
				19D479E8212E938000944007 /* UICollectionView */,
				19D479D1212D7FE100944007 /* UISearchController */,
				19D479CB212D6DC900944007 /* Sources */,
				19D479B4212D6D7000944007 /* AppDelegate.h */,
				19D479B5212D6D7000944007 /* AppDelegate.m */,
				19D479BA212D6D7000944007 /* Main.storyboard */,
				19D479BD212D6D7100944007 /* Assets.xcassets */,
				19D479BF212D6D7100944007 /* LaunchScreen.storyboard */,
				19D479C2212D6D7100944007 /* Info.plist */,
				19D479C3212D6D7100944007 /* main.m */,
				19D479E7212E615F00944007 /* PrefixHeader.pch */,
			);
			path = GSStudyPath;
			sourceTree = "<group>";
		};
		19D479CB212D6DC900944007 /* Sources */ = {
			isa = PBXGroup;
			children = (
				19970A9B2137C14200697EB1 /* friends.plist */,
				1934C96921354F680022ADB5 /* cars_total.plist */,
				1934C93A21353C1D0022ADB5 /* city.plist */,
				1934C93921353C1D0022ADB5 /* citydata.plist */,
				19D47A2F212E9A2900944007 /* 1.plist */,
				19D479CC212D6E1100944007 /* country.txt */,
			);
			path = Sources;
			sourceTree = "<group>";
		};
		19D479D1212D7FE100944007 /* UISearchController */ = {
			isa = PBXGroup;
			children = (
				19D479D4212D7FE100944007 /* Modal */,
				19D479D2212D7FE100944007 /* Controller */,
			);
			path = UISearchController;
			sourceTree = "<group>";
		};
		19D479D2212D7FE100944007 /* Controller */ = {
			isa = PBXGroup;
			children = (
				19D479E6212E5D8D00944007 /* 京东搜索框 */,
				19D479E5212E5D8D00944007 /* 美团地址搜索框 */,
				19D479DE212E5D6400944007 /* 基本使用 */,
				19C08DA721301F6000BAAF2E /* GSSearchListVC.h */,
				19C08DA821301F6000BAAF2E /* GSSearchListVC.m */,
			);
			path = Controller;
			sourceTree = "<group>";
		};
		19D479D4212D7FE100944007 /* Modal */ = {
			isa = PBXGroup;
			children = (
				19D479D5212D7FE100944007 /* GSCountryModal.h */,
				19D479D6212D7FE100944007 /* GSCountryModal.m */,
				1934C93D21353C3E0022ADB5 /* GSMTAddressModal.h */,
				1934C93E21353C3E0022ADB5 /* GSMTAddressModal.m */,
			);
			path = Modal;
			sourceTree = "<group>";
		};
		19D479DE212E5D6400944007 /* 基本使用 */ = {
			isa = PBXGroup;
			children = (
				19D479E2212E5D6400944007 /* GSNormalSearchVC.h */,
				19D479DF212E5D6400944007 /* GSNormalSearchVC.m */,
				19D479E1212E5D6400944007 /* GSSearchResultVC.h */,
				19D479E0212E5D6400944007 /* GSSearchResultVC.m */,
			);
			path = "基本使用";
			sourceTree = "<group>";
		};
		19D479E5212E5D8D00944007 /* 美团地址搜索框 */ = {
			isa = PBXGroup;
			children = (
				1934C93621353BEF0022ADB5 /* GSMTAddressMainVC.h */,
				1934C93721353BEF0022ADB5 /* GSMTAddressMainVC.m */,
				1934C940213540C70022ADB5 /* GSSegmentedControl.h */,
				1934C941213540C70022ADB5 /* GSSegmentedControl.m */,
				1934C949213543350022ADB5 /* GSAddressTableView.h */,
				1934C9D22136CA5C0022ADB5 /* GSAddressTableView.m */,
				1934C9C3213674FB0022ADB5 /* GSAddressFirstHeaderView.h */,
				1934C9C4213674FB0022ADB5 /* GSAddressFirstHeaderView.m */,
				1934C9C62136757A0022ADB5 /* GSSelectButton.h */,
				1934C9C72136757A0022ADB5 /* GSSelectButton.m */,
				1934C9C9213677120022ADB5 /* GSAddressOtherHeaderView.h */,
				1934C9CA213677120022ADB5 /* GSAddressOtherHeaderView.m */,
				1934C9CC21367C280022ADB5 /* GSAddressSectionCell.h */,
				1934C9CD21367C280022ADB5 /* GSAddressSectionCell.m */,
			);
			path = "美团地址搜索框";
			sourceTree = "<group>";
		};
		19D479E6212E5D8D00944007 /* 京东搜索框 */ = {
			isa = PBXGroup;
			children = (
				19C08DAA21302DEC00BAAF2E /* JDHomeVC.h */,
				19C08DAB21302DEC00BAAF2E /* JDHomeVC.m */,
				19C08DAD2130304500BAAF2E /* GSJDNavigationView.h */,
				19C08DAE2130304500BAAF2E /* GSJDNavigationView.m */,
				19C08DB02130FD4B00BAAF2E /* GSJDButton.h */,
				19C08DB12130FD4B00BAAF2E /* GSJDButton.m */,
				19C08DB32131079800BAAF2E /* GSJDSearchVC.h */,
				19C08DB42131079800BAAF2E /* GSJDSearchVC.m */,
				19C08DB62131089C00BAAF2E /* GSJDSearchMainVC.h */,
				19C08DB72131089C00BAAF2E /* GSJDSearchMainVC.m */,
				19C08DB921310A6300BAAF2E /* GSJDSearchBar.h */,
				19C08DBA21310A6300BAAF2E /* GSJDSearchBar.m */,
				19C08DBC21313C5D00BAAF2E /* GSJDSearchHistory.h */,
				19C08DBD21313C5D00BAAF2E /* GSJDSearchHistory.m */,
			);
			path = "京东搜索框";
			sourceTree = "<group>";
		};
		19D479E8212E938000944007 /* UICollectionView */ = {
			isa = PBXGroup;
			children = (
				19D479E9212E938000944007 /* Layout */,
				19D479F2212E938000944007 /* Controller */,
				19D479FD212E938000944007 /* Model */,
				19D47A04212E938000944007 /* View */,
			);
			path = UICollectionView;
			sourceTree = "<group>";
		};
		19D479E9212E938000944007 /* Layout */ = {
			isa = PBXGroup;
			children = (
				19D479EA212E938000944007 /* GSLineLayout.m */,
				19D479EB212E938000944007 /* GSStackLayout.m */,
				19D479EC212E938000944007 /* GSCircleLayout.m */,
				19D479ED212E938000944007 /* GSWaterFlowLayout.m */,
				19D479EE212E938000944007 /* GSLineLayout.h */,
				19D479EF212E938000944007 /* GSCircleLayout.h */,
				19D479F0212E938000944007 /* GSStackLayout.h */,
				19D479F1212E938000944007 /* GSWaterFlowLayout.h */,
			);
			path = Layout;
			sourceTree = "<group>";
		};
		19D479F2212E938000944007 /* Controller */ = {
			isa = PBXGroup;
			children = (
				1934C95D21354EA30022ADB5 /* 流水布局 */,
				1934C95521354EA30022ADB5 /* 日历 */,
				1934C95821354EA30022ADB5 /* 无限轮播 */,
				1934C95221354EA30022ADB5 /* 自定义布局 */,
				19D479F6212E938000944007 /* GSCollectionListVC.h */,
				19D479F8212E938000944007 /* GSCollectionListVC.m */,
			);
			path = Controller;
			sourceTree = "<group>";
		};
		19D479FD212E938000944007 /* Model */ = {
			isa = PBXGroup;
			children = (
				19D479FF212E938000944007 /* GSShop.h */,
				19D47A03212E938000944007 /* GSShop.m */,
				19D47A02212E938000944007 /* GSDate.h */,
				19D47A00212E938000944007 /* GSDate.m */,
			);
			path = Model;
			sourceTree = "<group>";
		};
		19D47A04212E938000944007 /* View */ = {
			isa = PBXGroup;
			children = (
				19D47A05212E938000944007 /* GSDateCell.h */,
				19D47A06212E938000944007 /* GSShopCell.xib */,
				19D47A07212E938000944007 /* GSImageCell.m */,
				19D47A08212E938000944007 /* GSDateHeaderView.m */,
				19D47A09212E938000944007 /* GSDateHeaderView.xib */,
				19D47A0B212E938000944007 /* GSShopCell.m */,
				19D47A0C212E938000944007 /* GSDateHeaderView.h */,
				19D47A0D212E938000944007 /* GSImageCell.h */,
				19D47A0E212E938000944007 /* GSDateCell.m */,
				19D47A0F212E938000944007 /* GSShopCell.h */,
				19D47A10212E938000944007 /* GSDateCell.xib */,
				19D47A12212E938000944007 /* GSImageCell.xib */,
			);
			path = View;
			sourceTree = "<group>";
		};
		19D47A28212E969400944007 /* Tools */ = {
			isa = PBXGroup;
			children = (
				19C08DA321301B6E00BAAF2E /* Controller */,
				19D47A34212EA1B800944007 /* Modal */,
				19D47A29212E969400944007 /* Category */,
			);
			path = Tools;
			sourceTree = "<group>";
		};
		19D47A29212E969400944007 /* Category */ = {
			isa = PBXGroup;
			children = (
				19D47A2A212E96A600944007 /* UIView+Size.h */,
				19D47A2B212E96A600944007 /* UIView+Size.m */,
				1934C9432135416E0022ADB5 /* UIColor+Utils.h */,
				1934C9442135416E0022ADB5 /* UIColor+Utils.m */,
			);
			path = Category;
			sourceTree = "<group>";
		};
		19D47A34212EA1B800944007 /* Modal */ = {
			isa = PBXGroup;
			children = (
				19D47A35212EA1B800944007 /* GSProxy.h */,
				19D47A36212EA1B800944007 /* GSProxy.m */,
			);
			path = Modal;
			sourceTree = "<group>";
		};
		19EE47B82153682200E215D1 /* AliPayHome */ = {
			isa = PBXGroup;
			children = (
				19EE47CB2153A5E800E215D1 /* View */,
				19EE47D52153A60F00E215D1 /* Controller */,
			);
			path = AliPayHome;
			sourceTree = "<group>";
		};
		19EE47CB2153A5E800E215D1 /* View */ = {
			isa = PBXGroup;
			children = (
				19EE47CE2153A5E800E215D1 /* GSAlipayHomeTableView.h */,
				19EE47CF2153A5E800E215D1 /* GSAlipayHomeTableView.m */,
				19EE47CD2153A5E800E215D1 /* GSAlipayHomeCell.h */,
				19EE47D02153A5E800E215D1 /* GSAlipayHomeCell.m */,
				19EE47CC2153A5E800E215D1 /* GSAlipayToolView.h */,
				19EE47D12153A5E800E215D1 /* GSAlipayToolView.m */,
			);
			path = View;
			sourceTree = "<group>";
		};
		19EE47D52153A60F00E215D1 /* Controller */ = {
			isa = PBXGroup;
			children = (
				19EE47D62153A60F00E215D1 /* GSAlipayHomeVC.h */,
				19EE47D72153A60F00E215D1 /* GSAlipayHomeVC.m */,
				1949152D215B613D001B731A /* GSAlipayHomeVC2.h */,
				1949152E215B613D001B731A /* GSAlipayHomeVC2.m */,
			);
			path = Controller;
			sourceTree = "<group>";
		};
		54381615838135A311533EA7 /* Pods */ = {
			isa = PBXGroup;
			children = (
				275B070A2CD2FD923A6DF44F /* Pods-GSStudyPath.debug.xcconfig */,
				2CDB8E5CD818334BF5CD6C51 /* Pods-GSStudyPath.release.xcconfig */,
			);
			name = Pods;
			sourceTree = "<group>";
		};
		F16831D9AF023B1901C1E86F /* Frameworks */ = {
			isa = PBXGroup;
			children = (
				A9C537F39EA29690E137ED8E /* libPods-GSStudyPath.a */,
			);
			name = Frameworks;
			sourceTree = "<group>";
		};
/* End PBXGroup section */

/* Begin PBXNativeTarget section */
		19D479B0212D6D7000944007 /* GSStudyPath */ = {
			isa = PBXNativeTarget;
			buildConfigurationList = 19D479C7212D6D7100944007 /* Build configuration list for PBXNativeTarget "GSStudyPath" */;
			buildPhases = (
				10803921013C0D959204C3DA /* [CP] Check Pods Manifest.lock */,
				19D479AD212D6D7000944007 /* Sources */,
				19D479AE212D6D7000944007 /* Frameworks */,
				19D479AF212D6D7000944007 /* Resources */,
				6A1C98E89CB3E35F1126EDBC /* [CP] Copy Pods Resources */,
			);
			buildRules = (
			);
			dependencies = (
			);
			name = GSStudyPath;
			productName = GSStudyPath;
			productReference = 19D479B1212D6D7000944007 /* GSStudyPath.app */;
			productType = "com.apple.product-type.application";
		};
/* End PBXNativeTarget section */

/* Begin PBXProject section */
		19D479A9212D6D7000944007 /* Project object */ = {
			isa = PBXProject;
			attributes = {
				LastUpgradeCheck = 0940;
				ORGANIZATIONNAME = "管章鹏";
				TargetAttributes = {
					19D479B0212D6D7000944007 = {
						CreatedOnToolsVersion = 9.4.1;
					};
				};
			};
			buildConfigurationList = 19D479AC212D6D7000944007 /* Build configuration list for PBXProject "GSStudyPath" */;
			compatibilityVersion = "Xcode 9.3";
			developmentRegion = en;
			hasScannedForEncodings = 0;
			knownRegions = (
				en,
				Base,
			);
			mainGroup = 19D479A8212D6D7000944007;
			productRefGroup = 19D479B2212D6D7000944007 /* Products */;
			projectDirPath = "";
			projectRoot = "";
			targets = (
				19D479B0212D6D7000944007 /* GSStudyPath */,
			);
		};
/* End PBXProject section */

/* Begin PBXResourcesBuildPhase section */
		19D479AF212D6D7000944007 /* Resources */ = {
			isa = PBXResourcesBuildPhase;
			buildActionMask = 2147483647;
			files = (
				19D47A30212E9A2900944007 /* 1.plist in Resources */,
				19D479C1212D6D7100944007 /* LaunchScreen.storyboard in Resources */,
				1934C96A21354F680022ADB5 /* cars_total.plist in Resources */,
				19D47A22212E938100944007 /* GSDateHeaderView.xib in Resources */,
				19D47A26212E938100944007 /* GSDateCell.xib in Resources */,
				19D479CD212D6E1100944007 /* country.txt in Resources */,
				1934C93B21353C1D0022ADB5 /* citydata.plist in Resources */,
				19D47A1F212E938100944007 /* GSShopCell.xib in Resources */,
				19D47A27212E938100944007 /* GSImageCell.xib in Resources */,
				19D479BE212D6D7100944007 /* Assets.xcassets in Resources */,
				19D479BC212D6D7000944007 /* Main.storyboard in Resources */,
				1934C93C21353C1D0022ADB5 /* city.plist in Resources */,
				19970A9C2137C14200697EB1 /* friends.plist in Resources */,
			);
			runOnlyForDeploymentPostprocessing = 0;
		};
/* End PBXResourcesBuildPhase section */

/* Begin PBXShellScriptBuildPhase section */
		10803921013C0D959204C3DA /* [CP] Check Pods Manifest.lock */ = {
			isa = PBXShellScriptBuildPhase;
			buildActionMask = 2147483647;
			files = (
			);
			inputPaths = (
				"${PODS_PODFILE_DIR_PATH}/Podfile.lock",
				"${PODS_ROOT}/Manifest.lock",
			);
			name = "[CP] Check Pods Manifest.lock";
			outputPaths = (
				"$(DERIVED_FILE_DIR)/Pods-GSStudyPath-checkManifestLockResult.txt",
			);
			runOnlyForDeploymentPostprocessing = 0;
			shellPath = /bin/sh;
			shellScript = "diff \"${PODS_PODFILE_DIR_PATH}/Podfile.lock\" \"${PODS_ROOT}/Manifest.lock\" > /dev/null\nif [ $? != 0 ] ; then\n    # print error to STDERR\n    echo \"error: The sandbox is not in sync with the Podfile.lock. Run 'pod install' or update your CocoaPods installation.\" >&2\n    exit 1\nfi\n# This output is used by Xcode 'outputs' to avoid re-running this script phase.\necho \"SUCCESS\" > \"${SCRIPT_OUTPUT_FILE_0}\"\n";
			showEnvVarsInLog = 0;
		};
		6A1C98E89CB3E35F1126EDBC /* [CP] Copy Pods Resources */ = {
			isa = PBXShellScriptBuildPhase;
			buildActionMask = 2147483647;
			files = (
			);
			inputPaths = (
				"${SRCROOT}/Pods/Target Support Files/Pods-GSStudyPath/Pods-GSStudyPath-resources.sh",
				"${PODS_ROOT}/MJRefresh/MJRefresh/MJRefresh.bundle",
			);
			name = "[CP] Copy Pods Resources";
			outputPaths = (
				"${TARGET_BUILD_DIR}/${UNLOCALIZED_RESOURCES_FOLDER_PATH}/MJRefresh.bundle",
			);
			runOnlyForDeploymentPostprocessing = 0;
			shellPath = /bin/sh;
			shellScript = "\"${SRCROOT}/Pods/Target Support Files/Pods-GSStudyPath/Pods-GSStudyPath-resources.sh\"\n";
			showEnvVarsInLog = 0;
		};
/* End PBXShellScriptBuildPhase section */

/* Begin PBXSourcesBuildPhase section */
		19D479AD212D6D7000944007 /* Sources */ = {
			isa = PBXSourcesBuildPhase;
			buildActionMask = 2147483647;
			files = (
				19C08DC42131509800BAAF2E /* GSTabBarController.m in Sources */,
				19D47A14212E938100944007 /* GSStackLayout.m in Sources */,
				19970A902137A53000697EB1 /* ZPSegmentBarStyle.m in Sources */,
				19C08DC12131508400BAAF2E /* GSNavigationController.m in Sources */,
				19970A932137A53000697EB1 /* ZPSegmentBarTitle.m in Sources */,
				19D47A21212E938100944007 /* GSDateHeaderView.m in Sources */,
				19EE47D32153A5E800E215D1 /* GSAlipayHomeCell.m in Sources */,
				19EE47D92153A60F00E215D1 /* GSAlipayHomeVC.m in Sources */,
				1934C9452135416E0022ADB5 /* UIColor+Utils.m in Sources */,
				19D479C4212D6D7100944007 /* main.m in Sources */,
				1934C96421354EA30022ADB5 /* GSWaterFlowVC.m in Sources */,
				19D47A20212E938100944007 /* GSImageCell.m in Sources */,
				1934C96D21354FAA0022ADB5 /* GSCarsGroup.m in Sources */,
				19EE47D42153A5E800E215D1 /* GSAlipayToolView.m in Sources */,
				195925D02147B11700017EDB /* GSExtensibleTableHeader.m in Sources */,
				19970AA52137C21100697EB1 /* GSQQFriendsGroup.m in Sources */,
				19D47A16212E938100944007 /* GSWaterFlowLayout.m in Sources */,
				19C08DA621301B9200BAAF2E /* GSBaseTableViewController.m in Sources */,
				19C08DB22130FD4B00BAAF2E /* GSJDButton.m in Sources */,
				19D47A37212EA1B800944007 /* GSProxy.m in Sources */,
				19970A922137A53000697EB1 /* ZPSegmentBarContent.m in Sources */,
				19C08DBB21310A6300BAAF2E /* GSJDSearchBar.m in Sources */,
				19EE47C721536D6600E215D1 /* GSScrollViewListVC.m in Sources */,
				1934C96821354F400022ADB5 /* GSCarsListVC.m in Sources */,
				19970AA22137C20200697EB1 /* GSQQFriendModal.m in Sources */,
				19C08DBE21313C5D00BAAF2E /* GSJDSearchHistory.m in Sources */,
				19970A8F2137A53000697EB1 /* ZPSegmentView.m in Sources */,
				19D479D7212D7FE100944007 /* GSCountryModal.m in Sources */,
				1934C942213540C70022ADB5 /* GSSegmentedControl.m in Sources */,
				19C08DAF2130304500BAAF2E /* GSJDNavigationView.m in Sources */,
				1934C95121354DE40022ADB5 /* GSTableViewListVC.m in Sources */,
				1934C9D32136CA5D0022ADB5 /* GSAddressTableView.m in Sources */,
				19C08DC82131514200BAAF2E /* GSHomeVC.m in Sources */,
				1934C9C82136757A0022ADB5 /* GSSelectButton.m in Sources */,
				1934C93F21353C3E0022ADB5 /* GSMTAddressModal.m in Sources */,
				19970A912137A53000697EB1 /* UIView+ZPSegmentBar.m in Sources */,
				19D479B6212D6D7000944007 /* AppDelegate.m in Sources */,
				1934C96321354EA30022ADB5 /* GSInfiniteView.m in Sources */,
				1934C97021354FC80022ADB5 /* GSCarModal.m in Sources */,
				19D47A19212E938100944007 /* GSCollectionListVC.m in Sources */,
				1934C9CB213677120022ADB5 /* GSAddressOtherHeaderView.m in Sources */,
				19D479E4212E5D6400944007 /* GSSearchResultVC.m in Sources */,
				19C08DB82131089D00BAAF2E /* GSJDSearchMainVC.m in Sources */,
				195925CD2147AFAC00017EDB /* GSCustomNavBar.m in Sources */,
				1934C9CE21367C280022ADB5 /* GSAddressSectionCell.m in Sources */,
				19D47A15212E938100944007 /* GSCircleLayout.m in Sources */,
				19D47A2C212E96A600944007 /* UIView+Size.m in Sources */,
				19D47A1C212E938100944007 /* GSDate.m in Sources */,
				19D47A1E212E938100944007 /* GSShop.m in Sources */,
				1934C9C5213674FB0022ADB5 /* GSAddressFirstHeaderView.m in Sources */,
				19970A9A2137C12C00697EB1 /* GSQQFriendsListVC.m in Sources */,
				19970AA82137D46E00697EB1 /* GSQQHeaderView.m in Sources */,
				19D47A13212E938100944007 /* GSLineLayout.m in Sources */,
				19C08DB52131079800BAAF2E /* GSJDSearchVC.m in Sources */,
				19D479E3212E5D6400944007 /* GSNormalSearchVC.m in Sources */,
				1934C96021354EA30022ADB5 /* GSCustomLayoutVC.m in Sources */,
				19970A962137A55F00697EB1 /* GSSegmentBarVC.m in Sources */,
				1934C93821353BEF0022ADB5 /* GSMTAddressMainVC.m in Sources */,
				1934C935213403E40022ADB5 /* GSIntroductionView.m in Sources */,
				19EE47D22153A5E800E215D1 /* GSAlipayHomeTableView.m in Sources */,
				19D47A25212E938100944007 /* GSDateCell.m in Sources */,
				1949152F215B613D001B731A /* GSAlipayHomeVC2.m in Sources */,
				19C08DA921301F6000BAAF2E /* GSSearchListVC.m in Sources */,
				1934C96221354EA30022ADB5 /* GSInfiniteVC.m in Sources */,
				1934C96121354EA30022ADB5 /* GSDateVC.m in Sources */,
				19C08DAC21302DEC00BAAF2E /* JDHomeVC.m in Sources */,
				19D47A24212E938100944007 /* GSShopCell.m in Sources */,
			);
			runOnlyForDeploymentPostprocessing = 0;
		};
/* End PBXSourcesBuildPhase section */

/* Begin PBXVariantGroup section */
		19D479BA212D6D7000944007 /* Main.storyboard */ = {
			isa = PBXVariantGroup;
			children = (
				19D479BB212D6D7000944007 /* Base */,
			);
			name = Main.storyboard;
			sourceTree = "<group>";
		};
		19D479BF212D6D7100944007 /* LaunchScreen.storyboard */ = {
			isa = PBXVariantGroup;
			children = (
				19D479C0212D6D7100944007 /* Base */,
			);
			name = LaunchScreen.storyboard;
			sourceTree = "<group>";
		};
/* End PBXVariantGroup section */

/* Begin XCBuildConfiguration section */
		19D479C5212D6D7100944007 /* Debug */ = {
			isa = XCBuildConfiguration;
			buildSettings = {
				ALWAYS_SEARCH_USER_PATHS = NO;
				CLANG_ANALYZER_NONNULL = YES;
				CLANG_ANALYZER_NUMBER_OBJECT_CONVERSION = YES_AGGRESSIVE;
				CLANG_CXX_LANGUAGE_STANDARD = "gnu++14";
				CLANG_CXX_LIBRARY = "libc++";
				CLANG_ENABLE_MODULES = YES;
				CLANG_ENABLE_OBJC_ARC = YES;
				CLANG_ENABLE_OBJC_WEAK = YES;
				CLANG_WARN_BLOCK_CAPTURE_AUTORELEASING = YES;
				CLANG_WARN_BOOL_CONVERSION = YES;
				CLANG_WARN_COMMA = YES;
				CLANG_WARN_CONSTANT_CONVERSION = YES;
				CLANG_WARN_DEPRECATED_OBJC_IMPLEMENTATIONS = YES;
				CLANG_WARN_DIRECT_OBJC_ISA_USAGE = YES_ERROR;
				CLANG_WARN_DOCUMENTATION_COMMENTS = YES;
				CLANG_WARN_EMPTY_BODY = YES;
				CLANG_WARN_ENUM_CONVERSION = YES;
				CLANG_WARN_INFINITE_RECURSION = YES;
				CLANG_WARN_INT_CONVERSION = YES;
				CLANG_WARN_NON_LITERAL_NULL_CONVERSION = YES;
				CLANG_WARN_OBJC_IMPLICIT_RETAIN_SELF = YES;
				CLANG_WARN_OBJC_LITERAL_CONVERSION = YES;
				CLANG_WARN_OBJC_ROOT_CLASS = YES_ERROR;
				CLANG_WARN_RANGE_LOOP_ANALYSIS = YES;
				CLANG_WARN_STRICT_PROTOTYPES = YES;
				CLANG_WARN_SUSPICIOUS_MOVE = YES;
				CLANG_WARN_UNGUARDED_AVAILABILITY = YES_AGGRESSIVE;
				CLANG_WARN_UNREACHABLE_CODE = YES;
				CLANG_WARN__DUPLICATE_METHOD_MATCH = YES;
				CODE_SIGN_IDENTITY = "iPhone Developer";
				COPY_PHASE_STRIP = NO;
				DEBUG_INFORMATION_FORMAT = dwarf;
				ENABLE_STRICT_OBJC_MSGSEND = YES;
				ENABLE_TESTABILITY = YES;
				GCC_C_LANGUAGE_STANDARD = gnu11;
				GCC_DYNAMIC_NO_PIC = NO;
				GCC_NO_COMMON_BLOCKS = YES;
				GCC_OPTIMIZATION_LEVEL = 0;
				GCC_PREPROCESSOR_DEFINITIONS = (
					"DEBUG=1",
					"$(inherited)",
				);
				GCC_WARN_64_TO_32_BIT_CONVERSION = YES;
				GCC_WARN_ABOUT_RETURN_TYPE = YES_ERROR;
				GCC_WARN_UNDECLARED_SELECTOR = YES;
				GCC_WARN_UNINITIALIZED_AUTOS = YES_AGGRESSIVE;
				GCC_WARN_UNUSED_FUNCTION = YES;
				GCC_WARN_UNUSED_VARIABLE = YES;
				IPHONEOS_DEPLOYMENT_TARGET = 11.4;
				MTL_ENABLE_DEBUG_INFO = YES;
				ONLY_ACTIVE_ARCH = YES;
				SDKROOT = iphoneos;
			};
			name = Debug;
		};
		19D479C6212D6D7100944007 /* Release */ = {
			isa = XCBuildConfiguration;
			buildSettings = {
				ALWAYS_SEARCH_USER_PATHS = NO;
				CLANG_ANALYZER_NONNULL = YES;
				CLANG_ANALYZER_NUMBER_OBJECT_CONVERSION = YES_AGGRESSIVE;
				CLANG_CXX_LANGUAGE_STANDARD = "gnu++14";
				CLANG_CXX_LIBRARY = "libc++";
				CLANG_ENABLE_MODULES = YES;
				CLANG_ENABLE_OBJC_ARC = YES;
				CLANG_ENABLE_OBJC_WEAK = YES;
				CLANG_WARN_BLOCK_CAPTURE_AUTORELEASING = YES;
				CLANG_WARN_BOOL_CONVERSION = YES;
				CLANG_WARN_COMMA = YES;
				CLANG_WARN_CONSTANT_CONVERSION = YES;
				CLANG_WARN_DEPRECATED_OBJC_IMPLEMENTATIONS = YES;
				CLANG_WARN_DIRECT_OBJC_ISA_USAGE = YES_ERROR;
				CLANG_WARN_DOCUMENTATION_COMMENTS = YES;
				CLANG_WARN_EMPTY_BODY = YES;
				CLANG_WARN_ENUM_CONVERSION = YES;
				CLANG_WARN_INFINITE_RECURSION = YES;
				CLANG_WARN_INT_CONVERSION = YES;
				CLANG_WARN_NON_LITERAL_NULL_CONVERSION = YES;
				CLANG_WARN_OBJC_IMPLICIT_RETAIN_SELF = YES;
				CLANG_WARN_OBJC_LITERAL_CONVERSION = YES;
				CLANG_WARN_OBJC_ROOT_CLASS = YES_ERROR;
				CLANG_WARN_RANGE_LOOP_ANALYSIS = YES;
				CLANG_WARN_STRICT_PROTOTYPES = YES;
				CLANG_WARN_SUSPICIOUS_MOVE = YES;
				CLANG_WARN_UNGUARDED_AVAILABILITY = YES_AGGRESSIVE;
				CLANG_WARN_UNREACHABLE_CODE = YES;
				CLANG_WARN__DUPLICATE_METHOD_MATCH = YES;
				CODE_SIGN_IDENTITY = "iPhone Developer";
				COPY_PHASE_STRIP = NO;
				DEBUG_INFORMATION_FORMAT = "dwarf-with-dsym";
				ENABLE_NS_ASSERTIONS = NO;
				ENABLE_STRICT_OBJC_MSGSEND = YES;
				GCC_C_LANGUAGE_STANDARD = gnu11;
				GCC_NO_COMMON_BLOCKS = YES;
				GCC_WARN_64_TO_32_BIT_CONVERSION = YES;
				GCC_WARN_ABOUT_RETURN_TYPE = YES_ERROR;
				GCC_WARN_UNDECLARED_SELECTOR = YES;
				GCC_WARN_UNINITIALIZED_AUTOS = YES_AGGRESSIVE;
				GCC_WARN_UNUSED_FUNCTION = YES;
				GCC_WARN_UNUSED_VARIABLE = YES;
				IPHONEOS_DEPLOYMENT_TARGET = 11.4;
				MTL_ENABLE_DEBUG_INFO = NO;
				SDKROOT = iphoneos;
				VALIDATE_PRODUCT = YES;
			};
			name = Release;
		};
		19D479C8212D6D7100944007 /* Debug */ = {
			isa = XCBuildConfiguration;
			baseConfigurationReference = 275B070A2CD2FD923A6DF44F /* Pods-GSStudyPath.debug.xcconfig */;
			buildSettings = {
				ASSETCATALOG_COMPILER_APPICON_NAME = AppIcon;
				CODE_SIGN_STYLE = Automatic;
				GCC_PREFIX_HEADER = "$(SRCROOT)/GSStudyPath/PrefixHeader.pch";
				INFOPLIST_FILE = GSStudyPath/Info.plist;
				IPHONEOS_DEPLOYMENT_TARGET = 9.0;
				LD_RUNPATH_SEARCH_PATHS = (
					"$(inherited)",
					"@executable_path/Frameworks",
				);
				PRODUCT_BUNDLE_IDENTIFIER = stw.GSStudyPath;
				PRODUCT_NAME = "$(TARGET_NAME)";
				TARGETED_DEVICE_FAMILY = "1,2";
			};
			name = Debug;
		};
		19D479C9212D6D7100944007 /* Release */ = {
			isa = XCBuildConfiguration;
			baseConfigurationReference = 2CDB8E5CD818334BF5CD6C51 /* Pods-GSStudyPath.release.xcconfig */;
			buildSettings = {
				ASSETCATALOG_COMPILER_APPICON_NAME = AppIcon;
				CODE_SIGN_STYLE = Automatic;
				GCC_PREFIX_HEADER = "$(SRCROOT)/GSStudyPath/PrefixHeader.pch";
				INFOPLIST_FILE = GSStudyPath/Info.plist;
				IPHONEOS_DEPLOYMENT_TARGET = 9.0;
				LD_RUNPATH_SEARCH_PATHS = (
					"$(inherited)",
					"@executable_path/Frameworks",
				);
				PRODUCT_BUNDLE_IDENTIFIER = stw.GSStudyPath;
				PRODUCT_NAME = "$(TARGET_NAME)";
				TARGETED_DEVICE_FAMILY = "1,2";
			};
			name = Release;
		};
/* End XCBuildConfiguration section */

/* Begin XCConfigurationList section */
		19D479AC212D6D7000944007 /* Build configuration list for PBXProject "GSStudyPath" */ = {
			isa = XCConfigurationList;
			buildConfigurations = (
				19D479C5212D6D7100944007 /* Debug */,
				19D479C6212D6D7100944007 /* Release */,
			);
			defaultConfigurationIsVisible = 0;
			defaultConfigurationName = Release;
		};
		19D479C7212D6D7100944007 /* Build configuration list for PBXNativeTarget "GSStudyPath" */ = {
			isa = XCConfigurationList;
			buildConfigurations = (
				19D479C8212D6D7100944007 /* Debug */,
				19D479C9212D6D7100944007 /* Release */,
			);
			defaultConfigurationIsVisible = 0;
			defaultConfigurationName = Release;
		};
/* End XCConfigurationList section */
	};
	rootObject = 19D479A9212D6D7000944007 /* Project object */;
}
